
Microsoft Visual Studio Solution File, Format Version 12.00
# Visual Studio 15
VisualStudioVersion = 15.0.28307.1000
MinimumVisualStudioVersion = 10.0.40219.1
Project("{FAE04EC0-301F-11D3-BF4B-00C04F79EFBC}") = "VTS_Engine_VT1", "VTS_Engine_VT1\VTS_Engine_VT1.csproj", "{91BAAB97-C2AE-49CC-9F24-EC4707510D57}"
EndProject
Global
	GlobalSection(SolutionConfigurationPlatforms) = preSolution
		Debug|Any CPU = Debug|Any CPU
		Release|Any CPU = Release|Any CPU
	EndGlobalSection
	GlobalSection(ProjectConfigurationPlatforms) = postSolution
		{91BAAB97-C2AE-49CC-9F24-EC4707510D57}.Debug|Any CPU.ActiveCfg = Debug|Any CPU
		{91BAAB97-C2AE-49CC-9F24-EC4707510D57}.Debug|Any CPU.Build.0 = Debug|Any CPU
		{91BAAB97-C2AE-49CC-9F24-EC4707510D57}.Release|Any CPU.ActiveCfg = Release|Any CPU
		{91BAAB97-C2AE-49CC-9F24-EC4707510D57}.Release|Any CPU.Build.0 = Release|Any CPU
	EndGlobalSection
	GlobalSection(SolutionProperties) = preSolution
		HideSolutionNode = FALSE
	EndGlobalSection
	GlobalSection(ExtensibilityGlobals) = postSolution
		SolutionGuid = {AC349393-39EE-4BD3-B037-F7F33539E29F}
	EndGlobalSection
EndGlobal
